
Microsoft Visual Studio Solution File, Format Version 12.00
# Visual Studio 15
Project("{FAE04EC0-301F-11D3-BF4B-00C04F79EFBC}") = "flavors.Android", "flavors.Android\flavors.Android.csproj", "{1D8606AC-6280-4736-AD30-645F3E589A01}"
EndProject
Project("{FAE04EC0-301F-11D3-BF4B-00C04F79EFBC}") = "flavors.iOS", "flavors.iOS\flavors.iOS.csproj", "{2A669F6A-E9F3-4545-BEFA-0594337CC78E}"
EndProject
Project("{FAE04EC0-301F-11D3-BF4B-00C04F79EFBC}") = "flavors", "flavors\flavors.csproj", "{1833C375-A708-4C65-B357-56E9A402BD65}"
EndProject
Global
	GlobalSection(SolutionConfigurationPlatforms) = preSolution
		Debug|Any CPU = Debug|Any CPU
		Release|Any CPU = Release|Any CPU
		Debug|iPhoneSimulator = Debug|iPhoneSimulator
		Release|iPhoneSimulator = Release|iPhoneSimulator
		Debug|iPhone = Debug|iPhone
		Release|iPhone = Release|iPhone
		DebugQa|Any CPU = DebugQa|Any CPU
		DebugQa|iPhoneSimulator = DebugQa|iPhoneSimulator
		DebugQa|iPhone = DebugQa|iPhone
		DebugProd|Any CPU = DebugProd|Any CPU
		DebugProd|iPhoneSimulator = DebugProd|iPhoneSimulator
		DebugProd|iPhone = DebugProd|iPhone
		ReleaseQa|Any CPU = ReleaseQa|Any CPU
		ReleaseProd|iPhoneSimulator = ReleaseProd|iPhoneSimulator
		ReleaseQa|iPhoneSimulator = ReleaseQa|iPhoneSimulator
		ReleaseQa|iPhone = ReleaseQa|iPhone
		ReleaseProd|Any CPU = ReleaseProd|Any CPU
		ReleaseProd|iPhone = ReleaseProd|iPhone
	EndGlobalSection
	GlobalSection(ProjectConfigurationPlatforms) = postSolution
		{1D8606AC-6280-4736-AD30-645F3E589A01}.Debug|Any CPU.ActiveCfg = Debug|Any CPU
		{1D8606AC-6280-4736-AD30-645F3E589A01}.Debug|Any CPU.Build.0 = Debug|Any CPU
		{1D8606AC-6280-4736-AD30-645F3E589A01}.Release|Any CPU.ActiveCfg = Release|Any CPU
		{1D8606AC-6280-4736-AD30-645F3E589A01}.Release|Any CPU.Build.0 = Release|Any CPU
		{1D8606AC-6280-4736-AD30-645F3E589A01}.Debug|iPhoneSimulator.ActiveCfg = Debug|Any CPU
		{1D8606AC-6280-4736-AD30-645F3E589A01}.Release|iPhoneSimulator.ActiveCfg = Release|Any CPU
		{1D8606AC-6280-4736-AD30-645F3E589A01}.Debug|iPhone.ActiveCfg = Debug|Any CPU
		{1D8606AC-6280-4736-AD30-645F3E589A01}.Release|iPhone.ActiveCfg = Release|Any CPU
		{1D8606AC-6280-4736-AD30-645F3E589A01}.DebugQa|Any CPU.ActiveCfg = DebugQa|Any CPU
		{1D8606AC-6280-4736-AD30-645F3E589A01}.DebugQa|Any CPU.Build.0 = DebugQa|Any CPU
		{1D8606AC-6280-4736-AD30-645F3E589A01}.DebugQa|iPhoneSimulator.ActiveCfg = DebugQa|Any CPU
		{1D8606AC-6280-4736-AD30-645F3E589A01}.DebugQa|iPhone.ActiveCfg = DebugQa|Any CPU
		{1D8606AC-6280-4736-AD30-645F3E589A01}.DebugProd|Any CPU.ActiveCfg = DebugProd|Any CPU
		{1D8606AC-6280-4736-AD30-645F3E589A01}.DebugProd|Any CPU.Build.0 = DebugProd|Any CPU
		{1D8606AC-6280-4736-AD30-645F3E589A01}.DebugProd|iPhoneSimulator.ActiveCfg = DebugProd|Any CPU
		{1D8606AC-6280-4736-AD30-645F3E589A01}.DebugProd|iPhone.ActiveCfg = DebugProd|Any CPU
		{1D8606AC-6280-4736-AD30-645F3E589A01}.ReleaseQa|Any CPU.ActiveCfg = ReleaseQa|Any CPU
		{1D8606AC-6280-4736-AD30-645F3E589A01}.ReleaseQa|Any CPU.Build.0 = ReleaseQa|Any CPU
		{1D8606AC-6280-4736-AD30-645F3E589A01}.ReleaseProd|iPhoneSimulator.ActiveCfg = Debug|Any CPU
		{1D8606AC-6280-4736-AD30-645F3E589A01}.ReleaseQa|iPhoneSimulator.ActiveCfg = Debug|Any CPU
		{1D8606AC-6280-4736-AD30-645F3E589A01}.ReleaseQa|iPhone.ActiveCfg = Debug|Any CPU
		{1D8606AC-6280-4736-AD30-645F3E589A01}.ReleaseProd|Any CPU.ActiveCfg = ReleaseProd|Any CPU
		{1D8606AC-6280-4736-AD30-645F3E589A01}.ReleaseProd|Any CPU.Build.0 = ReleaseProd|Any CPU
		{1D8606AC-6280-4736-AD30-645F3E589A01}.ReleaseProd|iPhone.ActiveCfg = Debug|Any CPU
		{2A669F6A-E9F3-4545-BEFA-0594337CC78E}.Debug|Any CPU.ActiveCfg = Debug|iPhoneSimulator
		{2A669F6A-E9F3-4545-BEFA-0594337CC78E}.Release|Any CPU.ActiveCfg = Release|iPhoneSimulator
		{2A669F6A-E9F3-4545-BEFA-0594337CC78E}.Debug|iPhoneSimulator.ActiveCfg = Debug|iPhoneSimulator
		{2A669F6A-E9F3-4545-BEFA-0594337CC78E}.Debug|iPhoneSimulator.Build.0 = Debug|iPhoneSimulator
		{2A669F6A-E9F3-4545-BEFA-0594337CC78E}.Release|iPhoneSimulator.ActiveCfg = Release|iPhoneSimulator
		{2A669F6A-E9F3-4545-BEFA-0594337CC78E}.Release|iPhoneSimulator.Build.0 = Release|iPhoneSimulator
		{2A669F6A-E9F3-4545-BEFA-0594337CC78E}.Debug|iPhone.ActiveCfg = Debug|iPhone
		{2A669F6A-E9F3-4545-BEFA-0594337CC78E}.Debug|iPhone.Build.0 = Debug|iPhone
		{2A669F6A-E9F3-4545-BEFA-0594337CC78E}.Release|iPhone.ActiveCfg = Release|iPhone
		{2A669F6A-E9F3-4545-BEFA-0594337CC78E}.Release|iPhone.Build.0 = Release|iPhone
		{2A669F6A-E9F3-4545-BEFA-0594337CC78E}.DebugQa|Any CPU.ActiveCfg = DebugQa|iPhoneSimulator
		{2A669F6A-E9F3-4545-BEFA-0594337CC78E}.DebugQa|iPhoneSimulator.ActiveCfg = DebugQa|iPhoneSimulator
		{2A669F6A-E9F3-4545-BEFA-0594337CC78E}.DebugQa|iPhoneSimulator.Build.0 = DebugQa|iPhoneSimulator
		{2A669F6A-E9F3-4545-BEFA-0594337CC78E}.DebugQa|iPhone.ActiveCfg = DebugQa|iPhone
		{2A669F6A-E9F3-4545-BEFA-0594337CC78E}.DebugQa|iPhone.Build.0 = DebugQa|iPhone
		{2A669F6A-E9F3-4545-BEFA-0594337CC78E}.DebugProd|Any CPU.ActiveCfg = Debug|iPhoneSimulator
		{2A669F6A-E9F3-4545-BEFA-0594337CC78E}.DebugProd|iPhoneSimulator.ActiveCfg = DebugProd|iPhoneSimulator
		{2A669F6A-E9F3-4545-BEFA-0594337CC78E}.DebugProd|iPhoneSimulator.Build.0 = DebugProd|iPhoneSimulator
		{2A669F6A-E9F3-4545-BEFA-0594337CC78E}.DebugProd|iPhone.ActiveCfg = DebugProd|iPhone
		{2A669F6A-E9F3-4545-BEFA-0594337CC78E}.DebugProd|iPhone.Build.0 = DebugProd|iPhone
		{2A669F6A-E9F3-4545-BEFA-0594337CC78E}.ReleaseQa|Any CPU.ActiveCfg = Debug|iPhoneSimulator
		{2A669F6A-E9F3-4545-BEFA-0594337CC78E}.ReleaseProd|iPhoneSimulator.ActiveCfg = ReleaseProd|iPhoneSimulator
		{2A669F6A-E9F3-4545-BEFA-0594337CC78E}.ReleaseProd|iPhoneSimulator.Build.0 = ReleaseProd|iPhoneSimulator
		{2A669F6A-E9F3-4545-BEFA-0594337CC78E}.ReleaseQa|iPhoneSimulator.ActiveCfg = ReleaseQa|iPhoneSimulator
		{2A669F6A-E9F3-4545-BEFA-0594337CC78E}.ReleaseQa|iPhoneSimulator.Build.0 = ReleaseQa|iPhoneSimulator
		{2A669F6A-E9F3-4545-BEFA-0594337CC78E}.ReleaseQa|iPhone.ActiveCfg = ReleaseQa|iPhone
		{2A669F6A-E9F3-4545-BEFA-0594337CC78E}.ReleaseQa|iPhone.Build.0 = ReleaseQa|iPhone
		{2A669F6A-E9F3-4545-BEFA-0594337CC78E}.ReleaseProd|Any CPU.ActiveCfg = ReleaseProd|iPhoneSimulator
		{2A669F6A-E9F3-4545-BEFA-0594337CC78E}.ReleaseProd|iPhone.ActiveCfg = ReleaseProd|iPhone
		{2A669F6A-E9F3-4545-BEFA-0594337CC78E}.ReleaseProd|iPhone.Build.0 = ReleaseProd|iPhone
		{1833C375-A708-4C65-B357-56E9A402BD65}.Debug|Any CPU.ActiveCfg = Debug|Any CPU
		{1833C375-A708-4C65-B357-56E9A402BD65}.Debug|Any CPU.Build.0 = Debug|Any CPU
		{1833C375-A708-4C65-B357-56E9A402BD65}.Release|Any CPU.ActiveCfg = Release|Any CPU
		{1833C375-A708-4C65-B357-56E9A402BD65}.Release|Any CPU.Build.0 = Release|Any CPU
		{1833C375-A708-4C65-B357-56E9A402BD65}.Debug|iPhoneSimulator.ActiveCfg = Debug|Any CPU
		{1833C375-A708-4C65-B357-56E9A402BD65}.Debug|iPhoneSimulator.Build.0 = Debug|Any CPU
		{1833C375-A708-4C65-B357-56E9A402BD65}.Release|iPhoneSimulator.ActiveCfg = Release|Any CPU
		{1833C375-A708-4C65-B357-56E9A402BD65}.Release|iPhoneSimulator.Build.0 = Release|Any CPU
		{1833C375-A708-4C65-B357-56E9A402BD65}.Debug|iPhone.ActiveCfg = Debug|Any CPU
		{1833C375-A708-4C65-B357-56E9A402BD65}.Debug|iPhone.Build.0 = Debug|Any CPU
		{1833C375-A708-4C65-B357-56E9A402BD65}.Release|iPhone.ActiveCfg = Release|Any CPU
		{1833C375-A708-4C65-B357-56E9A402BD65}.Release|iPhone.Build.0 = Release|Any CPU
		{1833C375-A708-4C65-B357-56E9A402BD65}.DebugQa|Any CPU.ActiveCfg = DebugQa|Any CPU
		{1833C375-A708-4C65-B357-56E9A402BD65}.DebugQa|Any CPU.Build.0 = DebugQa|Any CPU
		{1833C375-A708-4C65-B357-56E9A402BD65}.DebugQa|iPhoneSimulator.ActiveCfg = DebugQa|Any CPU
		{1833C375-A708-4C65-B357-56E9A402BD65}.DebugQa|iPhoneSimulator.Build.0 = DebugQa|Any CPU
		{1833C375-A708-4C65-B357-56E9A402BD65}.DebugQa|iPhone.ActiveCfg = DebugQa|Any CPU
		{1833C375-A708-4C65-B357-56E9A402BD65}.DebugQa|iPhone.Build.0 = DebugQa|Any CPU
		{1833C375-A708-4C65-B357-56E9A402BD65}.DebugProd|Any CPU.ActiveCfg = DebugProd|Any CPU
		{1833C375-A708-4C65-B357-56E9A402BD65}.DebugProd|Any CPU.Build.0 = DebugProd|Any CPU
		{1833C375-A708-4C65-B357-56E9A402BD65}.DebugProd|iPhoneSimulator.ActiveCfg = DebugProd|Any CPU
		{1833C375-A708-4C65-B357-56E9A402BD65}.DebugProd|iPhoneSimulator.Build.0 = DebugProd|Any CPU
		{1833C375-A708-4C65-B357-56E9A402BD65}.DebugProd|iPhone.ActiveCfg = DebugProd|Any CPU
		{1833C375-A708-4C65-B357-56E9A402BD65}.DebugProd|iPhone.Build.0 = DebugProd|Any CPU
		{1833C375-A708-4C65-B357-56E9A402BD65}.ReleaseQa|Any CPU.ActiveCfg = ReleaseQa|Any CPU
		{1833C375-A708-4C65-B357-56E9A402BD65}.ReleaseQa|Any CPU.Build.0 = ReleaseQa|Any CPU
		{1833C375-A708-4C65-B357-56E9A402BD65}.ReleaseProd|iPhoneSimulator.ActiveCfg = ReleaseProd|Any CPU
		{1833C375-A708-4C65-B357-56E9A402BD65}.ReleaseProd|iPhoneSimulator.Build.0 = ReleaseProd|Any CPU
		{1833C375-A708-4C65-B357-56E9A402BD65}.ReleaseQa|iPhoneSimulator.ActiveCfg = ReleaseQa|Any CPU
		{1833C375-A708-4C65-B357-56E9A402BD65}.ReleaseQa|iPhoneSimulator.Build.0 = ReleaseQa|Any CPU
		{1833C375-A708-4C65-B357-56E9A402BD65}.ReleaseQa|iPhone.ActiveCfg = ReleaseQa|Any CPU
		{1833C375-A708-4C65-B357-56E9A402BD65}.ReleaseQa|iPhone.Build.0 = ReleaseQa|Any CPU
		{1833C375-A708-4C65-B357-56E9A402BD65}.ReleaseProd|Any CPU.ActiveCfg = ReleaseProd|Any CPU
		{1833C375-A708-4C65-B357-56E9A402BD65}.ReleaseProd|Any CPU.Build.0 = ReleaseProd|Any CPU
		{1833C375-A708-4C65-B357-56E9A402BD65}.ReleaseProd|iPhone.ActiveCfg = ReleaseProd|Any CPU
		{1833C375-A708-4C65-B357-56E9A402BD65}.ReleaseProd|iPhone.Build.0 = ReleaseProd|Any CPU
	EndGlobalSection
EndGlobal
